// !$*UTF8*$!
{
	archiveVersion = 1;
	classes = {
	};
	objectVersion = 50;
	objects = {

/* Begin PBXBuildFile section */
		FE5650BB243668E700E34978 /* ScrollViewController.swift in Sources */ = {isa = PBXBuildFile; fileRef = FE5650BA243668E700E34978 /* ScrollViewController.swift */; };
		FEFD7D73243654CC00EC1B34 /* AppDelegate.swift in Sources */ = {isa = PBXBuildFile; fileRef = FEFD7D72243654CC00EC1B34 /* AppDelegate.swift */; };
		FEFD7D75243654CC00EC1B34 /* SceneDelegate.swift in Sources */ = {isa = PBXBuildFile; fileRef = FEFD7D74243654CC00EC1B34 /* SceneDelegate.swift */; };
		FEFD7D7A243654CC00EC1B34 /* Main.storyboard in Resources */ = {isa = PBXBuildFile; fileRef = FEFD7D78243654CC00EC1B34 /* Main.storyboard */; };
		FEFD7D7C243654CE00EC1B34 /* Assets.xcassets in Resources */ = {isa = PBXBuildFile; fileRef = FEFD7D7B243654CE00EC1B34 /* Assets.xcassets */; };
		FEFD7D7F243654CE00EC1B34 /* LaunchScreen.storyboard in Resources */ = {isa = PBXBuildFile; fileRef = FEFD7D7D243654CE00EC1B34 /* LaunchScreen.storyboard */; };
/* End PBXBuildFile section */

/* Begin PBXFileReference section */
		FE5650BA243668E700E34978 /* ScrollViewController.swift */ = {isa = PBXFileReference; lastKnownFileType = sourcecode.swift; path = ScrollViewController.swift; sourceTree = "<group>"; };
		FEFD7D6F243654CC00EC1B34 /* ScrollViewPractice.app */ = {isa = PBXFileReference; explicitFileType = wrapper.application; includeInIndex = 0; path = ScrollViewPractice.app; sourceTree = BUILT_PRODUCTS_DIR; };
		FEFD7D72243654CC00EC1B34 /* AppDelegate.swift */ = {isa = PBXFileReference; lastKnownFileType = sourcecode.swift; path = AppDelegate.swift; sourceTree = "<group>"; };
		FEFD7D74243654CC00EC1B34 /* SceneDelegate.swift */ = {isa = PBXFileReference; lastKnownFileType = sourcecode.swift; path = SceneDelegate.swift; sourceTree = "<group>"; };
		FEFD7D79243654CC00EC1B34 /* Base */ = {isa = PBXFileReference; lastKnownFileType = file.storyboard; name = Base; path = Base.lproj/Main.storyboard; sourceTree = "<group>"; };
		FEFD7D7B243654CE00EC1B34 /* Assets.xcassets */ = {isa = PBXFileReference; lastKnownFileType = folder.assetcatalog; path = Assets.xcassets; sourceTree = "<group>"; };
		FEFD7D7E243654CE00EC1B34 /* Base */ = {isa = PBXFileReference; lastKnownFileType = file.storyboard; name = Base; path = Base.lproj/LaunchScreen.storyboard; sourceTree = "<group>"; };
		FEFD7D80243654CE00EC1B34 /* Info.plist */ = {isa = PBXFileReference; lastKnownFileType = text.plist.xml; path = Info.plist; sourceTree = "<group>"; };
/* End PBXFileReference section */

/* Begin PBXFrameworksBuildPhase section */
		FEFD7D6C243654CC00EC1B34 /* Frameworks */ = {
			isa = PBXFrameworksBuildPhase;
			buildActionMask = 2147483647;
			files = (
			);
			runOnlyForDeploymentPostprocessing = 0;
		};
/* End PBXFrameworksBuildPhase section */

/* Begin PBXGroup section */
		FEFD7D66243654CC00EC1B34 = {
			isa = PBXGroup;
			children = (
				FEFD7D71243654CC00EC1B34 /* ScrollViewPractice */,
				FEFD7D70243654CC00EC1B34 /* Products */,
			);
			sourceTree = "<group>";
		};
		FEFD7D70243654CC00EC1B34 /* Products */ = {
			isa = PBXGroup;
			children = (
				FEFD7D6F243654CC00EC1B34 /* ScrollViewPractice.app */,
			);
			name = Products;
			sourceTree = "<group>";
		};
		FEFD7D71243654CC00EC1B34 /* ScrollViewPractice */ = {
			isa = PBXGroup;
			children = (
				FEFD7D72243654CC00EC1B34 /* AppDelegate.swift */,
				FEFD7D74243654CC00EC1B34 /* SceneDelegate.swift */,
				FEFD7D78243654CC00EC1B34 /* Main.storyboard */,
				FEFD7D7B243654CE00EC1B34 /* Assets.xcassets */,
				FEFD7D7D243654CE00EC1B34 /* LaunchScreen.storyboard */,
				FEFD7D80243654CE00EC1B34 /* Info.plist */,
				FE5650BA243668E700E34978 /* ScrollViewController.swift */,
			);
			path = ScrollViewPractice;
			sourceTree = "<group>";
		};
/* End PBXGroup section */

/* Begin PBXNativeTarget section */
		FEFD7D6E243654CC00EC1B34 /* ScrollViewPractice */ = {
			isa = PBXNativeTarget;
			buildConfigurationList = FEFD7D83243654CE00EC1B34 /* Build configuration list for PBXNativeTarget "ScrollViewPractice" */;
			buildPhases = (
				FEFD7D6B243654CC00EC1B34 /* Sources */,
				FEFD7D6C243654CC00EC1B34 /* Frameworks */,
				FEFD7D6D243654CC00EC1B34 /* Resources */,
			);
			buildRules = (
			);
			dependencies = (
			);
			name = ScrollViewPractice;
			productName = ScrollViewPractice;
			productReference = FEFD7D6F243654CC00EC1B34 /* ScrollViewPractice.app */;
			productType = "com.apple.product-type.application";
		};
/* End PBXNativeTarget section */

/* Begin PBXProject section */
		FEFD7D67243654CC00EC1B34 /* Project object */ = {
			isa = PBXProject;
			attributes = {
				LastSwiftUpdateCheck = 1140;
				LastUpgradeCheck = 1140;
				ORGANIZATIONNAME = "Mark Kim";
				TargetAttributes = {
					FEFD7D6E243654CC00EC1B34 = {
						CreatedOnToolsVersion = 11.4;
					};
				};
			};
			buildConfigurationList = FEFD7D6A243654CC00EC1B34 /* Build configuration list for PBXProject "ScrollViewPractice" */;
			compatibilityVersion = "Xcode 9.3";
			developmentRegion = en;
			hasScannedForEncodings = 0;
			knownRegions = (
				en,
				Base,
			);
			mainGroup = FEFD7D66243654CC00EC1B34;
			productRefGroup = FEFD7D70243654CC00EC1B34 /* Products */;
			projectDirPath = "";
			projectRoot = "";
			targets = (
				FEFD7D6E243654CC00EC1B34 /* ScrollViewPractice */,
			);
		};
/* End PBXProject section */

/* Begin PBXResourcesBuildPhase section */
		FEFD7D6D243654CC00EC1B34 /* Resources */ = {
			isa = PBXResourcesBuildPhase;
			buildActionMask = 2147483647;
			files = (
				FEFD7D7F243654CE00EC1B34 /* LaunchScreen.storyboard in Resources */,
				FEFD7D7C243654CE00EC1B34 /* Assets.xcassets in Resources */,
				FEFD7D7A243654CC00EC1B34 /* Main.storyboard in Resources */,
			);
			runOnlyForDeploymentPostprocessing = 0;
		};
/* End PBXResourcesBuildPhase section */

/* Begin PBXSourcesBuildPhase section */
		FEFD7D6B243654CC00EC1B34 /* Sources */ = {
			isa = PBXSourcesBuildPhase;
			buildActionMask = 2147483647;
			files = (
				FEFD7D73243654CC00EC1B34 /* AppDelegate.swift in Sources */,
				FE5650BB243668E700E34978 /* ScrollViewController.swift in Sources */,
				FEFD7D75243654CC00EC1B34 /* SceneDelegate.swift in Sources */,
			);
			runOnlyForDeploymentPostprocessing = 0;
		};
/* End PBXSourcesBuildPhase section */

/* Begin PBXVariantGroup section */
		FEFD7D78243654CC00EC1B34 /* Main.storyboard */ = {
			isa = PBXVariantGroup;
			children = (
				FEFD7D79243654CC00EC1B34 /* Base */,
			);
			name = Main.storyboard;
			sourceTree = "<group>";
		};
		FEFD7D7D243654CE00EC1B34 /* LaunchScreen.storyboard */ = {
			isa = PBXVariantGroup;
			children = (
				FEFD7D7E243654CE00EC1B34 /* Base */,
			);
			name = LaunchScreen.storyboard;
			sourceTree = "<group>";
		};
/* End PBXVariantGroup section */

/* Begin XCBuildConfiguration section */
		FEFD7D81243654CE00EC1B34 /* Debug */ = {
			isa = XCBuildConfiguration;
			buildSettings = {
				ALWAYS_SEARCH_USER_PATHS = NO;
				CLANG_ANALYZER_NONNULL = YES;
				CLANG_ANALYZER_NUMBER_OBJECT_CONVERSION = YES_AGGRESSIVE;
				CLANG_CXX_LANGUAGE_STANDARD = "gnu++14";
				CLANG_CXX_LIBRARY = "libc++";
				CLANG_ENABLE_MODULES = YES;
				CLANG_ENABLE_OBJC_ARC = YES;
				CLANG_ENABLE_OBJC_WEAK = YES;
				CLANG_WARN_BLOCK_CAPTURE_AUTORELEASING = YES;
				CLANG_WARN_BOOL_CONVERSION = YES;
				CLANG_WARN_COMMA = YES;
				CLANG_WARN_CONSTANT_CONVERSION = YES;
				CLANG_WARN_DEPRECATED_OBJC_IMPLEMENTATIONS = YES;
				CLANG_WARN_DIRECT_OBJC_ISA_USAGE = YES_ERROR;
				CLANG_WARN_DOCUMENTATION_COMMENTS = YES;
				CLANG_WARN_EMPTY_BODY = YES;
				CLANG_WARN_ENUM_CONVERSION = YES;
				CLANG_WARN_INFINITE_RECURSION = YES;
				CLANG_WARN_INT_CONVERSION = YES;
				CLANG_WARN_NON_LITERAL_NULL_CONVERSION = YES;
				CLANG_WARN_OBJC_IMPLICIT_RETAIN_SELF = YES;
				CLANG_WARN_OBJC_LITERAL_CONVERSION = YES;
				CLANG_WARN_OBJC_ROOT_CLASS = YES_ERROR;
				CLANG_WARN_RANGE_LOOP_ANALYSIS = YES;
				CLANG_WARN_STRICT_PROTOTYPES = YES;
				CLANG_WARN_SUSPICIOUS_MOVE = YES;
				CLANG_WARN_UNGUARDED_AVAILABILITY = YES_AGGRESSIVE;
				CLANG_WARN_UNREACHABLE_CODE = YES;
				CLANG_WARN__DUPLICATE_METHOD_MATCH = YES;
				COPY_PHASE_STRIP = NO;
				DEBUG_INFORMATION_FORMAT = dwarf;
				ENABLE_STRICT_OBJC_MSGSEND = YES;
				ENABLE_TESTABILITY = YES;
				GCC_C_LANGUAGE_STANDARD = gnu11;
				GCC_DYNAMIC_NO_PIC = NO;
				GCC_NO_COMMON_BLOCKS = YES;
				GCC_OPTIMIZATION_LEVEL = 0;
				GCC_PREPROCESSOR_DEFINITIONS = (
					"DEBUG=1",
					"$(inherited)",
				);
				GCC_WARN_64_TO_32_BIT_CONVERSION = YES;
				GCC_WARN_ABOUT_RETURN_TYPE = YES_ERROR;
				GCC_WARN_UNDECLARED_SELECTOR = YES;
				GCC_WARN_UNINITIALIZED_AUTOS = YES_AGGRESSIVE;
				GCC_WARN_UNUSED_FUNCTION = YES;
				GCC_WARN_UNUSED_VARIABLE = YES;
				IPHONEOS_DEPLOYMENT_TARGET = 13.4;
				MTL_ENABLE_DEBUG_INFO = INCLUDE_SOURCE;
				MTL_FAST_MATH = YES;
				ONLY_ACTIVE_ARCH = YES;
				SDKROOT = iphoneos;
				SWIFT_ACTIVE_COMPILATION_CONDITIONS = DEBUG;
				SWIFT_OPTIMIZATION_LEVEL = "-Onone";
			};
			name = Debug;
		};
		FEFD7D82243654CE00EC1B34 /* Release */ = {
			isa = XCBuildConfiguration;
			buildSettings = {
				ALWAYS_SEARCH_USER_PATHS = NO;
				CLANG_ANALYZER_NONNULL = YES;
				CLANG_ANALYZER_NUMBER_OBJECT_CONVERSION = YES_AGGRESSIVE;
				CLANG_CXX_LANGUAGE_STANDARD = "gnu++14";
				CLANG_CXX_LIBRARY = "libc++";
				CLANG_ENABLE_MODULES = YES;
				CLANG_ENABLE_OBJC_ARC = YES;
				CLANG_ENABLE_OBJC_WEAK = YES;
				CLANG_WARN_BLOCK_CAPTURE_AUTORELEASING = YES;
				CLANG_WARN_BOOL_CONVERSION = YES;
				CLANG_WARN_COMMA = YES;
				CLANG_WARN_CONSTANT_CONVERSION = YES;
				CLANG_WARN_DEPRECATED_OBJC_IMPLEMENTATIONS = YES;
				CLANG_WARN_DIRECT_OBJC_ISA_USAGE = YES_ERROR;
				CLANG_WARN_DOCUMENTATION_COMMENTS = YES;
				CLANG_WARN_EMPTY_BODY = YES;
				CLANG_WARN_ENUM_CONVERSION = YES;
				CLANG_WARN_INFINITE_RECURSION = YES;
				CLANG_WARN_INT_CONVERSION = YES;
				CLANG_WARN_NON_LITERAL_NULL_CONVERSION = YES;
				CLANG_WARN_OBJC_IMPLICIT_RETAIN_SELF = YES;
				CLANG_WARN_OBJC_LITERAL_CONVERSION = YES;
				CLANG_WARN_OBJC_ROOT_CLASS = YES_ERROR;
				CLANG_WARN_RANGE_LOOP_ANALYSIS = YES;
				CLANG_WARN_STRICT_PROTOTYPES = YES;
				CLANG_WARN_SUSPICIOUS_MOVE = YES;
				CLANG_WARN_UNGUARDED_AVAILABILITY = YES_AGGRESSIVE;
				CLANG_WARN_UNREACHABLE_CODE = YES;
				CLANG_WARN__DUPLICATE_METHOD_MATCH = YES;
				COPY_PHASE_STRIP = NO;
				DEBUG_INFORMATION_FORMAT = "dwarf-with-dsym";
				ENABLE_NS_ASSERTIONS = NO;
				ENABLE_STRICT_OBJC_MSGSEND = YES;
				GCC_C_LANGUAGE_STANDARD = gnu11;
				GCC_NO_COMMON_BLOCKS = YES;
				GCC_WARN_64_TO_32_BIT_CONVERSION = YES;
				GCC_WARN_ABOUT_RETURN_TYPE = YES_ERROR;
				GCC_WARN_UNDECLARED_SELECTOR = YES;
				GCC_WARN_UNINITIALIZED_AUTOS = YES_AGGRESSIVE;
				GCC_WARN_UNUSED_FUNCTION = YES;
				GCC_WARN_UNUSED_VARIABLE = YES;
				IPHONEOS_DEPLOYMENT_TARGET = 13.4;
				MTL_ENABLE_DEBUG_INFO = NO;
				MTL_FAST_MATH = YES;
				SDKROOT = iphoneos;
				SWIFT_COMPILATION_MODE = wholemodule;
				SWIFT_OPTIMIZATION_LEVEL = "-O";
				VALIDATE_PRODUCT = YES;
			};
			name = Release;
		};
		FEFD7D84243654CE00EC1B34 /* Debug */ = {
			isa = XCBuildConfiguration;
			buildSettings = {
				ASSETCATALOG_COMPILER_APPICON_NAME = AppIcon;
				CODE_SIGN_STYLE = Automatic;
				INFOPLIST_FILE = ScrollViewPractice/Info.plist;
				LD_RUNPATH_SEARCH_PATHS = (
					"$(inherited)",
					"@executable_path/Frameworks",
				);
				PRODUCT_BUNDLE_IDENTIFIER = com.markkim.ScrollViewPractice;
				PRODUCT_NAME = "$(TARGET_NAME)";
				SWIFT_VERSION = 5.0;
				TARGETED_DEVICE_FAMILY = "1,2";
			};
			name = Debug;
		};
		FEFD7D85243654CE00EC1B34 /* Release */ = {
			isa = XCBuildConfiguration;
			buildSettings = {
				ASSETCATALOG_COMPILER_APPICON_NAME = AppIcon;
				CODE_SIGN_STYLE = Automatic;
				INFOPLIST_FILE = ScrollViewPractice/Info.plist;
				LD_RUNPATH_SEARCH_PATHS = (
					"$(inherited)",
					"@executable_path/Frameworks",
				);
				PRODUCT_BUNDLE_IDENTIFIER = com.markkim.ScrollViewPractice;
				PRODUCT_NAME = "$(TARGET_NAME)";
				SWIFT_VERSION = 5.0;
				TARGETED_DEVICE_FAMILY = "1,2";
			};
			name = Release;
		};
/* End XCBuildConfiguration section */

/* Begin XCConfigurationList section */
		FEFD7D6A243654CC00EC1B34 /* Build configuration list for PBXProject "ScrollViewPractice" */ = {
			isa = XCConfigurationList;
			buildConfigurations = (
				FEFD7D81243654CE00EC1B34 /* Debug */,
				FEFD7D82243654CE00EC1B34 /* Release */,
			);
			defaultConfigurationIsVisible = 0;
			defaultConfigurationName = Release;
		};
		FEFD7D83243654CE00EC1B34 /* Build configuration list for PBXNativeTarget "ScrollViewPractice" */ = {
			isa = XCConfigurationList;
			buildConfigurations = (
				FEFD7D84243654CE00EC1B34 /* Debug */,
				FEFD7D85243654CE00EC1B34 /* Release */,
			);
			defaultConfigurationIsVisible = 0;
			defaultConfigurationName = Release;
		};
/* End XCConfigurationList section */
	};
	rootObject = FEFD7D67243654CC00EC1B34 /* Project object */;
}
